// !$*UTF8*$!
{
	archiveVersion = 1;
	classes = {
	};
	objectVersion = 46;
	objects = {

/* Begin PBXBuildFile section */
		4C0D5EEA1EF3433A0015B025 /* AppDelegate.swift in Sources */ = {isa = PBXBuildFile; fileRef = 4C0D5EE91EF3433A0015B025 /* AppDelegate.swift */; };
		4C0D5EEC1EF3433A0015B025 /* ViewController.swift in Sources */ = {isa = PBXBuildFile; fileRef = 4C0D5EEB1EF3433A0015B025 /* ViewController.swift */; };
		4C0D5EF11EF3433A0015B025 /* Assets.xcassets in Resources */ = {isa = PBXBuildFile; fileRef = 4C0D5EF01EF3433A0015B025 /* Assets.xcassets */; };
		4C0D5EF41EF3433A0015B025 /* LaunchScreen.storyboard in Resources */ = {isa = PBXBuildFile; fileRef = 4C0D5EF21EF3433A0015B025 /* LaunchScreen.storyboard */; };
		4C0D5EFC1EF344E20015B025 /* ViewPoop.xib in Resources */ = {isa = PBXBuildFile; fileRef = 4C0D5EFB1EF344E20015B025 /* ViewPoop.xib */; };
		4C0D5EFE1EF349090015B025 /* ViewPoop.swift in Sources */ = {isa = PBXBuildFile; fileRef = 4C0D5EFD1EF349090015B025 /* ViewPoop.swift */; };
		4C0D5F001EF34F5E0015B025 /* SomeOtherVC.swift in Sources */ = {isa = PBXBuildFile; fileRef = 4C0D5EFF1EF34F5E0015B025 /* SomeOtherVC.swift */; };
		4C0D5F021EF353510015B025 /* ViewControllerRouter.swift in Sources */ = {isa = PBXBuildFile; fileRef = 4C0D5F011EF353510015B025 /* ViewControllerRouter.swift */; };
/* End PBXBuildFile section */

/* Begin PBXFileReference section */
		4C0D5EE61EF3433A0015B025 /* XibMagic.app */ = {isa = PBXFileReference; explicitFileType = wrapper.application; includeInIndex = 0; path = XibMagic.app; sourceTree = BUILT_PRODUCTS_DIR; };
		4C0D5EE91EF3433A0015B025 /* AppDelegate.swift */ = {isa = PBXFileReference; lastKnownFileType = sourcecode.swift; path = AppDelegate.swift; sourceTree = "<group>"; };
		4C0D5EEB1EF3433A0015B025 /* ViewController.swift */ = {isa = PBXFileReference; lastKnownFileType = sourcecode.swift; path = ViewController.swift; sourceTree = "<group>"; };
		4C0D5EF01EF3433A0015B025 /* Assets.xcassets */ = {isa = PBXFileReference; lastKnownFileType = folder.assetcatalog; path = Assets.xcassets; sourceTree = "<group>"; };
		4C0D5EF31EF3433A0015B025 /* Base */ = {isa = PBXFileReference; lastKnownFileType = file.storyboard; name = Base; path = Base.lproj/LaunchScreen.storyboard; sourceTree = "<group>"; };
		4C0D5EF51EF3433A0015B025 /* Info.plist */ = {isa = PBXFileReference; lastKnownFileType = text.plist.xml; path = Info.plist; sourceTree = "<group>"; };
		4C0D5EFB1EF344E20015B025 /* ViewPoop.xib */ = {isa = PBXFileReference; fileEncoding = 4; lastKnownFileType = file.xib; path = ViewPoop.xib; sourceTree = "<group>"; };
		4C0D5EFD1EF349090015B025 /* ViewPoop.swift */ = {isa = PBXFileReference; fileEncoding = 4; lastKnownFileType = sourcecode.swift; path = ViewPoop.swift; sourceTree = "<group>"; };
		4C0D5EFF1EF34F5E0015B025 /* SomeOtherVC.swift */ = {isa = PBXFileReference; fileEncoding = 4; lastKnownFileType = sourcecode.swift; path = SomeOtherVC.swift; sourceTree = "<group>"; };
		4C0D5F011EF353510015B025 /* ViewControllerRouter.swift */ = {isa = PBXFileReference; fileEncoding = 4; lastKnownFileType = sourcecode.swift; path = ViewControllerRouter.swift; sourceTree = "<group>"; };
/* End PBXFileReference section */

/* Begin PBXFrameworksBuildPhase section */
		4C0D5EE31EF3433A0015B025 /* Frameworks */ = {
			isa = PBXFrameworksBuildPhase;
			buildActionMask = 2147483647;
			files = (
			);
			runOnlyForDeploymentPostprocessing = 0;
		};
/* End PBXFrameworksBuildPhase section */

/* Begin PBXGroup section */
		4C0D5EDD1EF3433A0015B025 = {
			isa = PBXGroup;
			children = (
				4C0D5EE81EF3433A0015B025 /* XibMagic */,
				4C0D5EE71EF3433A0015B025 /* Products */,
			);
			sourceTree = "<group>";
		};
		4C0D5EE71EF3433A0015B025 /* Products */ = {
			isa = PBXGroup;
			children = (
				4C0D5EE61EF3433A0015B025 /* XibMagic.app */,
			);
			name = Products;
			sourceTree = "<group>";
		};
		4C0D5EE81EF3433A0015B025 /* XibMagic */ = {
			isa = PBXGroup;
			children = (
				4C0D5EE91EF3433A0015B025 /* AppDelegate.swift */,
				4C0D5EFF1EF34F5E0015B025 /* SomeOtherVC.swift */,
				4C0D5EEB1EF3433A0015B025 /* ViewController.swift */,
				4C0D5F011EF353510015B025 /* ViewControllerRouter.swift */,
				4C0D5EFD1EF349090015B025 /* ViewPoop.swift */,
				4C0D5EFB1EF344E20015B025 /* ViewPoop.xib */,
				4C0D5EF01EF3433A0015B025 /* Assets.xcassets */,
				4C0D5EF21EF3433A0015B025 /* LaunchScreen.storyboard */,
				4C0D5EF51EF3433A0015B025 /* Info.plist */,
			);
			path = XibMagic;
			sourceTree = "<group>";
		};
/* End PBXGroup section */

/* Begin PBXNativeTarget section */
		4C0D5EE51EF3433A0015B025 /* XibMagic */ = {
			isa = PBXNativeTarget;
			buildConfigurationList = 4C0D5EF81EF3433A0015B025 /* Build configuration list for PBXNativeTarget "XibMagic" */;
			buildPhases = (
				4C0D5EE21EF3433A0015B025 /* Sources */,
				4C0D5EE31EF3433A0015B025 /* Frameworks */,
				4C0D5EE41EF3433A0015B025 /* Resources */,
			);
			buildRules = (
			);
			dependencies = (
			);
			name = XibMagic;
			productName = XibMagic;
			productReference = 4C0D5EE61EF3433A0015B025 /* XibMagic.app */;
			productType = "com.apple.product-type.application";
		};
/* End PBXNativeTarget section */

/* Begin PBXProject section */
		4C0D5EDE1EF3433A0015B025 /* Project object */ = {
			isa = PBXProject;
			attributes = {
				LastSwiftUpdateCheck = 0830;
				LastUpgradeCheck = 0830;
				ORGANIZATIONNAME = mikes;
				TargetAttributes = {
					4C0D5EE51EF3433A0015B025 = {
						CreatedOnToolsVersion = 8.3.2;
						DevelopmentTeam = W2NQ7F7A53;
						ProvisioningStyle = Automatic;
					};
				};
			};
			buildConfigurationList = 4C0D5EE11EF3433A0015B025 /* Build configuration list for PBXProject "XibMagic" */;
			compatibilityVersion = "Xcode 3.2";
			developmentRegion = English;
			hasScannedForEncodings = 0;
			knownRegions = (
				en,
				Base,
			);
			mainGroup = 4C0D5EDD1EF3433A0015B025;
			productRefGroup = 4C0D5EE71EF3433A0015B025 /* Products */;
			projectDirPath = "";
			projectRoot = "";
			targets = (
				4C0D5EE51EF3433A0015B025 /* XibMagic */,
			);
		};
/* End PBXProject section */

/* Begin PBXResourcesBuildPhase section */
		4C0D5EE41EF3433A0015B025 /* Resources */ = {
			isa = PBXResourcesBuildPhase;
			buildActionMask = 2147483647;
			files = (
				4C0D5EF41EF3433A0015B025 /* LaunchScreen.storyboard in Resources */,
				4C0D5EF11EF3433A0015B025 /* Assets.xcassets in Resources */,
				4C0D5EFC1EF344E20015B025 /* ViewPoop.xib in Resources */,
			);
			runOnlyForDeploymentPostprocessing = 0;
		};
/* End PBXResourcesBuildPhase section */

/* Begin PBXSourcesBuildPhase section */
		4C0D5EE21EF3433A0015B025 /* Sources */ = {
			isa = PBXSourcesBuildPhase;
			buildActionMask = 2147483647;
			files = (
				4C0D5EEC1EF3433A0015B025 /* ViewController.swift in Sources */,
				4C0D5F021EF353510015B025 /* ViewControllerRouter.swift in Sources */,
				4C0D5EEA1EF3433A0015B025 /* AppDelegate.swift in Sources */,
				4C0D5EFE1EF349090015B025 /* ViewPoop.swift in Sources */,
				4C0D5F001EF34F5E0015B025 /* SomeOtherVC.swift in Sources */,
			);
			runOnlyForDeploymentPostprocessing = 0;
		};
/* End PBXSourcesBuildPhase section */

/* Begin PBXVariantGroup section */
		4C0D5EF21EF3433A0015B025 /* LaunchScreen.storyboard */ = {
			isa = PBXVariantGroup;
			children = (
				4C0D5EF31EF3433A0015B025 /* Base */,
			);
			name = LaunchScreen.storyboard;
			sourceTree = "<group>";
		};
/* End PBXVariantGroup section */

/* Begin XCBuildConfiguration section */
		4C0D5EF61EF3433A0015B025 /* Debug */ = {
			isa = XCBuildConfiguration;
			buildSettings = {
				ALWAYS_SEARCH_USER_PATHS = NO;
				CLANG_ANALYZER_NONNULL = YES;
				CLANG_ANALYZER_NUMBER_OBJECT_CONVERSION = YES_AGGRESSIVE;
				CLANG_CXX_LANGUAGE_STANDARD = "gnu++0x";
				CLANG_CXX_LIBRARY = "libc++";
				CLANG_ENABLE_MODULES = YES;
				CLANG_ENABLE_OBJC_ARC = YES;
				CLANG_WARN_BOOL_CONVERSION = YES;
				CLANG_WARN_CONSTANT_CONVERSION = YES;
				CLANG_WARN_DIRECT_OBJC_ISA_USAGE = YES_ERROR;
				CLANG_WARN_DOCUMENTATION_COMMENTS = YES;
				CLANG_WARN_EMPTY_BODY = YES;
				CLANG_WARN_ENUM_CONVERSION = YES;
				CLANG_WARN_INFINITE_RECURSION = YES;
				CLANG_WARN_INT_CONVERSION = YES;
				CLANG_WARN_OBJC_ROOT_CLASS = YES_ERROR;
				CLANG_WARN_SUSPICIOUS_MOVE = YES;
				CLANG_WARN_UNREACHABLE_CODE = YES;
				CLANG_WARN__DUPLICATE_METHOD_MATCH = YES;
				"CODE_SIGN_IDENTITY[sdk=iphoneos*]" = "iPhone Developer";
				COPY_PHASE_STRIP = NO;
				DEBUG_INFORMATION_FORMAT = dwarf;
				ENABLE_STRICT_OBJC_MSGSEND = YES;
				ENABLE_TESTABILITY = YES;
				GCC_C_LANGUAGE_STANDARD = gnu99;
				GCC_DYNAMIC_NO_PIC = NO;
				GCC_NO_COMMON_BLOCKS = YES;
				GCC_OPTIMIZATION_LEVEL = 0;
				GCC_PREPROCESSOR_DEFINITIONS = (
					"DEBUG=1",
					"$(inherited)",
				);
				GCC_WARN_64_TO_32_BIT_CONVERSION = YES;
				GCC_WARN_ABOUT_RETURN_TYPE = YES_ERROR;
				GCC_WARN_UNDECLARED_SELECTOR = YES;
				GCC_WARN_UNINITIALIZED_AUTOS = YES_AGGRESSIVE;
				GCC_WARN_UNUSED_FUNCTION = YES;
				GCC_WARN_UNUSED_VARIABLE = YES;
				IPHONEOS_DEPLOYMENT_TARGET = 10.3;
				MTL_ENABLE_DEBUG_INFO = YES;
				ONLY_ACTIVE_ARCH = YES;
				SDKROOT = iphoneos;
				SWIFT_ACTIVE_COMPILATION_CONDITIONS = DEBUG;
				SWIFT_OPTIMIZATION_LEVEL = "-Onone";
				TARGETED_DEVICE_FAMILY = "1,2";
			};
			name = Debug;
		};
		4C0D5EF71EF3433A0015B025 /* Release */ = {
			isa = XCBuildConfiguration;
			buildSettings = {
				ALWAYS_SEARCH_USER_PATHS = NO;
				CLANG_ANALYZER_NONNULL = YES;
				CLANG_ANALYZER_NUMBER_OBJECT_CONVERSION = YES_AGGRESSIVE;
				CLANG_CXX_LANGUAGE_STANDARD = "gnu++0x";
				CLANG_CXX_LIBRARY = "libc++";
				CLANG_ENABLE_MODULES = YES;
				CLANG_ENABLE_OBJC_ARC = YES;
				CLANG_WARN_BOOL_CONVERSION = YES;
				CLANG_WARN_CONSTANT_CONVERSION = YES;
				CLANG_WARN_DIRECT_OBJC_ISA_USAGE = YES_ERROR;
				CLANG_WARN_DOCUMENTATION_COMMENTS = YES;
				CLANG_WARN_EMPTY_BODY = YES;
				CLANG_WARN_ENUM_CONVERSION = YES;
				CLANG_WARN_INFINITE_RECURSION = YES;
				CLANG_WARN_INT_CONVERSION = YES;
				CLANG_WARN_OBJC_ROOT_CLASS = YES_ERROR;
				CLANG_WARN_SUSPICIOUS_MOVE = YES;
				CLANG_WARN_UNREACHABLE_CODE = YES;
				CLANG_WARN__DUPLICATE_METHOD_MATCH = YES;
				"CODE_SIGN_IDENTITY[sdk=iphoneos*]" = "iPhone Developer";
				COPY_PHASE_STRIP = NO;
				DEBUG_INFORMATION_FORMAT = "dwarf-with-dsym";
				ENABLE_NS_ASSERTIONS = NO;
				ENABLE_STRICT_OBJC_MSGSEND = YES;
				GCC_C_LANGUAGE_STANDARD = gnu99;
				GCC_NO_COMMON_BLOCKS = YES;
				GCC_WARN_64_TO_32_BIT_CONVERSION = YES;
				GCC_WARN_ABOUT_RETURN_TYPE = YES_ERROR;
				GCC_WARN_UNDECLARED_SELECTOR = YES;
				GCC_WARN_UNINITIALIZED_AUTOS = YES_AGGRESSIVE;
				GCC_WARN_UNUSED_FUNCTION = YES;
				GCC_WARN_UNUSED_VARIABLE = YES;
				IPHONEOS_DEPLOYMENT_TARGET = 10.3;
				MTL_ENABLE_DEBUG_INFO = NO;
				SDKROOT = iphoneos;
				SWIFT_OPTIMIZATION_LEVEL = "-Owholemodule";
				TARGETED_DEVICE_FAMILY = "1,2";
				VALIDATE_PRODUCT = YES;
			};
			name = Release;
		};
		4C0D5EF91EF3433A0015B025 /* Debug */ = {
			isa = XCBuildConfiguration;
			buildSettings = {
				ASSETCATALOG_COMPILER_APPICON_NAME = AppIcon;
				DEVELOPMENT_TEAM = W2NQ7F7A53;
				INFOPLIST_FILE = XibMagic/Info.plist;
				LD_RUNPATH_SEARCH_PATHS = "$(inherited) @executable_path/Frameworks";
				PRODUCT_BUNDLE_IDENTIFIER = com.mikes.XibMagic;
				PRODUCT_NAME = "$(TARGET_NAME)";
				SWIFT_VERSION = 3.0;
			};
			name = Debug;
		};
		4C0D5EFA1EF3433A0015B025 /* Release */ = {
			isa = XCBuildConfiguration;
			buildSettings = {
				ASSETCATALOG_COMPILER_APPICON_NAME = AppIcon;
				DEVELOPMENT_TEAM = W2NQ7F7A53;
				INFOPLIST_FILE = XibMagic/Info.plist;
				LD_RUNPATH_SEARCH_PATHS = "$(inherited) @executable_path/Frameworks";
				PRODUCT_BUNDLE_IDENTIFIER = com.mikes.XibMagic;
				PRODUCT_NAME = "$(TARGET_NAME)";
				SWIFT_VERSION = 3.0;
			};
			name = Release;
		};
/* End XCBuildConfiguration section */

/* Begin XCConfigurationList section */
		4C0D5EE11EF3433A0015B025 /* Build configuration list for PBXProject "XibMagic" */ = {
			isa = XCConfigurationList;
			buildConfigurations = (
				4C0D5EF61EF3433A0015B025 /* Debug */,
				4C0D5EF71EF3433A0015B025 /* Release */,
			);
			defaultConfigurationIsVisible = 0;
			defaultConfigurationName = Release;
		};
		4C0D5EF81EF3433A0015B025 /* Build configuration list for PBXNativeTarget "XibMagic" */ = {
			isa = XCConfigurationList;
			buildConfigurations = (
				4C0D5EF91EF3433A0015B025 /* Debug */,
				4C0D5EFA1EF3433A0015B025 /* Release */,
			);
			defaultConfigurationIsVisible = 0;
		};
/* End XCConfigurationList section */
	};
	rootObject = 4C0D5EDE1EF3433A0015B025 /* Project object */;
}
